
Microsoft Visual Studio Solution File, Format Version 12.00
# Visual Studio Version 16
VisualStudioVersion = 16.0.29709.97
MinimumVisualStudioVersion = 10.0.40219.1
Project("{FAE04EC0-301F-11D3-BF4B-00C04F79EFBC}") = "FireDoor", "FireDoor\FireDoor.csproj", "{F4047D33-BEFD-48AE-AE24-4E894711687F}"
EndProject
Global
	GlobalSection(SolutionConfigurationPlatforms) = preSolution
		Debug|Any CPU = Debug|Any CPU
		Release|Any CPU = Release|Any CPU
	EndGlobalSection
	GlobalSection(ProjectConfigurationPlatforms) = postSolution
		{F4047D33-BEFD-48AE-AE24-4E894711687F}.Debug|Any CPU.ActiveCfg = Debug|Any CPU
		{F4047D33-BEFD-48AE-AE24-4E894711687F}.Debug|Any CPU.Build.0 = Debug|Any CPU
		{F4047D33-BEFD-48AE-AE24-4E894711687F}.Release|Any CPU.ActiveCfg = Release|Any CPU
		{F4047D33-BEFD-48AE-AE24-4E894711687F}.Release|Any CPU.Build.0 = Release|Any CPU
	EndGlobalSection
	GlobalSection(SolutionProperties) = preSolution
		HideSolutionNode = FALSE
	EndGlobalSection
	GlobalSection(ExtensibilityGlobals) = postSolution
		SolutionGuid = {B102EF00-6C28-4CBA-84B3-2D8A7A40CAA3}
	EndGlobalSection
EndGlobal
